Microsoft Visual Studio Solution File, Format Version 12.00
# Visual Studio 15
VisualStudioVersion = 15.0.27130.2010
MinimumVisualStudioVersion = 10.0.40219.1
Project("{2150E333-8FDC-42A3-9474-1A3956D46DE8}") = "src", "src", "{5A04042D-438D-407B-B239-0CAD6A2BD8C2}"
EndProject
Project("{9A19103F-16F7-4668-BE54-9A1E7A4F7556}") = "Microsoft.Extensions.Caching.ServiceStackRedis", "src\Microsoft.Extensions.Caching.ServiceStackRedis\Microsoft.Extensions.Caching.ServiceStackRedis.csproj", "{5694BC38-B266-447E-A743-DA1139FCB257}"
EndProject
Global
	GlobalSection(SolutionConfigurationPlatforms) = preSolution
		Debug|Any CPU = Debug|Any CPU
		Release|Any CPU = Release|Any CPU
	EndGlobalSection
	GlobalSection(ProjectConfigurationPlatforms) = postSolution
		{5694BC38-B266-447E-A743-DA1139FCB257}.Debug|Any CPU.ActiveCfg = Debug|Any CPU
		{5694BC38-B266-447E-A743-DA1139FCB257}.Debug|Any CPU.Build.0 = Debug|Any CPU
		{5694BC38-B266-447E-A743-DA1139FCB257}.Release|Any CPU.ActiveCfg = Release|Any CPU
		{5694BC38-B266-447E-A743-DA1139FCB257}.Release|Any CPU.Build.0 = Release|Any CPU
	EndGlobalSection
	GlobalSection(SolutionProperties) = preSolution
		HideSolutionNode = FALSE
	EndGlobalSection
	GlobalSection(NestedProjects) = preSolution
		{5694BC38-B266-447E-A743-DA1139FCB257} = {5A04042D-438D-407B-B239-0CAD6A2BD8C2}
	EndGlobalSection
	GlobalSection(ExtensibilityGlobals) = postSolution
		SolutionGuid = {101BFF2A-6CDA-4ED7-A483-7186847DF520}
	EndGlobalSection
EndGlobal
